// !$*UTF8*$!
{
	archiveVersion = 1;
	classes = {
	};
	objectVersion = 50;
	objects = {

/* Begin PBXFileReference section */
		31217890237A071D0062BF73 /* .gitignore */ = {isa = PBXFileReference; lastKnownFileType = text; path = .gitignore; sourceTree = "<group>"; };
		3142DEE923790E7E00058289 /* unlockSound */ = {isa = PBXFileReference; lastKnownFileType = folder; path = unlockSound; sourceTree = "<group>"; };
		3142DEEA23790E7E00058289 /* control */ = {isa = PBXFileReference; lastKnownFileType = text; path = control; sourceTree = "<group>"; };
		3142DEEB23790E7E00058289 /* Readme.md */ = {isa = PBXFileReference; lastKnownFileType = net.daringfireball.markdown; path = Readme.md; sourceTree = "<group>"; };
		3142DEEC23790E7E00058289 /* Resources */ = {isa = PBXFileReference; lastKnownFileType = folder; path = Resources; sourceTree = "<group>"; };
		3142DEED23790E7E00058289 /* packages */ = {isa = PBXFileReference; lastKnownFileType = folder; path = packages; sourceTree = "<group>"; };
		3142DEEE23790E7E00058289 /* Tweak.xm */ = {isa = PBXFileReference; explicitFileType = sourcecode.c.objc; path = Tweak.xm; sourceTree = "<group>"; };
		3142DEEF23790E7E00058289 /* Makefile */ = {isa = PBXFileReference; lastKnownFileType = sourcecode.make; path = Makefile; sourceTree = "<group>"; };
		3142DEF023790E7E00058289 /* unlockSound.plist */ = {isa = PBXFileReference; explicitFileType = text; path = unlockSound.plist; sourceTree = "<group>"; };
/* End PBXFileReference section */

/* Begin PBXGroup section */
		3142DEE223790E5D00058289 = {
			isa = PBXGroup;
			children = (
				31217890237A071D0062BF73 /* .gitignore */,
				3142DEEA23790E7E00058289 /* control */,
				3142DEEF23790E7E00058289 /* Makefile */,
				3142DEED23790E7E00058289 /* packages */,
				3142DEEB23790E7E00058289 /* Readme.md */,
				3142DEEC23790E7E00058289 /* Resources */,
				3142DEEE23790E7E00058289 /* Tweak.xm */,
				3142DEE923790E7E00058289 /* unlockSound */,
				3142DEF023790E7E00058289 /* unlockSound.plist */,
			);
			sourceTree = "<group>";
		};
/* End PBXGroup section */

/* Begin PBXProject section */
		3142DEE323790E5D00058289 /* Project object */ = {
			isa = PBXProject;
			attributes = {
				LastUpgradeCheck = 1120;
			};
			buildConfigurationList = 3142DEE623790E5D00058289 /* Build configuration list for PBXProject "unlockSound" */;
			compatibilityVersion = "Xcode 9.3";
			developmentRegion = en;
			hasScannedForEncodings = 0;
			knownRegions = (
				en,
				Base,
			);
			mainGroup = 3142DEE223790E5D00058289;
			projectDirPath = "";
			projectRoot = "";
			targets = (
			);
		};
/* End PBXProject section */

/* Begin XCBuildConfiguration section */
		3142DEE723790E5D00058289 /* Debug */ = {
			isa = XCBuildConfiguration;
			buildSettings = {
			};
			name = Debug;
		};
		3142DEE823790E5D00058289 /* Release */ = {
			isa = XCBuildConfiguration;
			buildSettings = {
			};
			name = Release;
		};
/* End XCBuildConfiguration section */

/* Begin XCConfigurationList section */
		3142DEE623790E5D00058289 /* Build configuration list for PBXProject "unlockSound" */ = {
			isa = XCConfigurationList;
			buildConfigurations = (
				3142DEE723790E5D00058289 /* Debug */,
				3142DEE823790E5D00058289 /* Release */,
			);
			defaultConfigurationIsVisible = 0;
			defaultConfigurationName = Release;
		};
/* End XCConfigurationList section */
	};
	rootObject = 3142DEE323790E5D00058289 /* Project object */;
}
